
Microsoft Visual Studio Solution File, Format Version 12.00
# Visual Studio Version 17
VisualStudioVersion = 17.3.32901.215
MinimumVisualStudioVersion = 10.0.40219.1
Project("{FAE04EC0-301F-11D3-BF4B-00C04F79EFBC}") = "lab2", "lab2\lab2.csproj", "{8D092EE9-DC40-4160-A78A-8C144204103D}"
EndProject
Global
	GlobalSection(SolutionConfigurationPlatforms) = preSolution
		Debug|Any CPU = Debug|Any CPU
		Release|Any CPU = Release|Any CPU
	EndGlobalSection
	GlobalSection(ProjectConfigurationPlatforms) = postSolution
		{8D092EE9-DC40-4160-A78A-8C144204103D}.Debug|Any CPU.ActiveCfg = Debug|Any CPU
		{8D092EE9-DC40-4160-A78A-8C144204103D}.Debug|Any CPU.Build.0 = Debug|Any CPU
		{8D092EE9-DC40-4160-A78A-8C144204103D}.Release|Any CPU.ActiveCfg = Release|Any CPU
		{8D092EE9-DC40-4160-A78A-8C144204103D}.Release|Any CPU.Build.0 = Release|Any CPU
	EndGlobalSection
	GlobalSection(SolutionProperties) = preSolution
		HideSolutionNode = FALSE
	EndGlobalSection
	GlobalSection(ExtensibilityGlobals) = postSolution
		SolutionGuid = {796F9535-494F-425E-AE96-59C8ED3530E9}
	EndGlobalSection
EndGlobal
