
Microsoft Visual Studio Solution File, Format Version 12.00
# Visual Studio Version 17
VisualStudioVersion = 17.3.32901.215
MinimumVisualStudioVersion = 10.0.40219.1
Project("{FAE04EC0-301F-11D3-BF4B-00C04F79EFBC}") = "practic1", "practic1\practic1.csproj", "{4884A45E-3E48-483D-B658-4086E4C4DBFC}"
EndProject
Global
	GlobalSection(SolutionConfigurationPlatforms) = preSolution
		Debug|Any CPU = Debug|Any CPU
		Release|Any CPU = Release|Any CPU
	EndGlobalSection
	GlobalSection(ProjectConfigurationPlatforms) = postSolution
		{4884A45E-3E48-483D-B658-4086E4C4DBFC}.Debug|Any CPU.ActiveCfg = Debug|Any CPU
		{4884A45E-3E48-483D-B658-4086E4C4DBFC}.Debug|Any CPU.Build.0 = Debug|Any CPU
		{4884A45E-3E48-483D-B658-4086E4C4DBFC}.Release|Any CPU.ActiveCfg = Release|Any CPU
		{4884A45E-3E48-483D-B658-4086E4C4DBFC}.Release|Any CPU.Build.0 = Release|Any CPU
	EndGlobalSection
	GlobalSection(SolutionProperties) = preSolution
		HideSolutionNode = FALSE
	EndGlobalSection
	GlobalSection(ExtensibilityGlobals) = postSolution
		SolutionGuid = {1BF1A45A-0F64-4A59-B199-3BC6DD16EDA1}
	EndGlobalSection
EndGlobal
